
Microsoft Visual Studio Solution File, Format Version 12.00
# Visual Studio 15
VisualStudioVersion = 15.0.28307.329
MinimumVisualStudioVersion = 10.0.40219.1
Project("{FAE04EC0-301F-11D3-BF4B-00C04F79EFBC}") = "solucionParcial", "solucionParcial\solucionParcial.csproj", "{F4A1A4DC-26A1-4679-81A9-6E9CD80AAB4D}"
EndProject
Project("{FAE04EC0-301F-11D3-BF4B-00C04F79EFBC}") = "UnitTestProject1", "UnitTestProject1\UnitTestProject1.csproj", "{08EA2FD8-52D2-4BB5-8413-C9C6457B15B4}"
EndProject
Project("{FAE04EC0-301F-11D3-BF4B-00C04F79EFBC}") = "UnitTestProject2", "UnitTestProject2\UnitTestProject2.csproj", "{31DA8FB3-3707-4507-9883-FA9F36A3A7AE}"
EndProject
Global
	GlobalSection(SolutionConfigurationPlatforms) = preSolution
		Debug|Any CPU = Debug|Any CPU
		Release|Any CPU = Release|Any CPU
	EndGlobalSection
	GlobalSection(ProjectConfigurationPlatforms) = postSolution
		{F4A1A4DC-26A1-4679-81A9-6E9CD80AAB4D}.Debug|Any CPU.ActiveCfg = Debug|Any CPU
		{F4A1A4DC-26A1-4679-81A9-6E9CD80AAB4D}.Debug|Any CPU.Build.0 = Debug|Any CPU
		{F4A1A4DC-26A1-4679-81A9-6E9CD80AAB4D}.Release|Any CPU.ActiveCfg = Release|Any CPU
		{F4A1A4DC-26A1-4679-81A9-6E9CD80AAB4D}.Release|Any CPU.Build.0 = Release|Any CPU
		{08EA2FD8-52D2-4BB5-8413-C9C6457B15B4}.Debug|Any CPU.ActiveCfg = Debug|Any CPU
		{08EA2FD8-52D2-4BB5-8413-C9C6457B15B4}.Debug|Any CPU.Build.0 = Debug|Any CPU
		{08EA2FD8-52D2-4BB5-8413-C9C6457B15B4}.Release|Any CPU.ActiveCfg = Release|Any CPU
		{08EA2FD8-52D2-4BB5-8413-C9C6457B15B4}.Release|Any CPU.Build.0 = Release|Any CPU
		{31DA8FB3-3707-4507-9883-FA9F36A3A7AE}.Debug|Any CPU.ActiveCfg = Debug|Any CPU
		{31DA8FB3-3707-4507-9883-FA9F36A3A7AE}.Debug|Any CPU.Build.0 = Debug|Any CPU
		{31DA8FB3-3707-4507-9883-FA9F36A3A7AE}.Release|Any CPU.ActiveCfg = Release|Any CPU
		{31DA8FB3-3707-4507-9883-FA9F36A3A7AE}.Release|Any CPU.Build.0 = Release|Any CPU
	EndGlobalSection
	GlobalSection(SolutionProperties) = preSolution
		HideSolutionNode = FALSE
	EndGlobalSection
	GlobalSection(ExtensibilityGlobals) = postSolution
		SolutionGuid = {DF947A45-4294-496B-8FEF-8FA677C65832}
	EndGlobalSection
EndGlobal
